
Microsoft Visual Studio Solution File, Format Version 12.00
# Visual Studio Version 16
VisualStudioVersion = 16.0.31229.75
MinimumVisualStudioVersion = 10.0.40219.1
Project("{8BC9CEB8-8B4A-11D0-8D11-00A0C91BC942}") = "8-2 확인 3", "8-2 확인 3.vcxproj", "{62A09692-F595-4F74-8DFE-9EA2598D02E1}"
EndProject
Global
	GlobalSection(SolutionConfigurationPlatforms) = preSolution
		Debug|x64 = Debug|x64
		Debug|x86 = Debug|x86
		Release|x64 = Release|x64
		Release|x86 = Release|x86
	EndGlobalSection
	GlobalSection(ProjectConfigurationPlatforms) = postSolution
		{62A09692-F595-4F74-8DFE-9EA2598D02E1}.Debug|x64.ActiveCfg = Debug|x64
		{62A09692-F595-4F74-8DFE-9EA2598D02E1}.Debug|x64.Build.0 = Debug|x64
		{62A09692-F595-4F74-8DFE-9EA2598D02E1}.Debug|x86.ActiveCfg = Debug|Win32
		{62A09692-F595-4F74-8DFE-9EA2598D02E1}.Debug|x86.Build.0 = Debug|Win32
		{62A09692-F595-4F74-8DFE-9EA2598D02E1}.Release|x64.ActiveCfg = Release|x64
		{62A09692-F595-4F74-8DFE-9EA2598D02E1}.Release|x64.Build.0 = Release|x64
		{62A09692-F595-4F74-8DFE-9EA2598D02E1}.Release|x86.ActiveCfg = Release|Win32
		{62A09692-F595-4F74-8DFE-9EA2598D02E1}.Release|x86.Build.0 = Release|Win32
	EndGlobalSection
	GlobalSection(SolutionProperties) = preSolution
		HideSolutionNode = FALSE
	EndGlobalSection
	GlobalSection(ExtensibilityGlobals) = postSolution
		SolutionGuid = {2DE4A65F-0625-431D-AA27-0C9DFBD2A7AC}
	EndGlobalSection
EndGlobal
