
Microsoft Visual Studio Solution File, Format Version 12.00
# Visual Studio Version 16
VisualStudioVersion = 16.0.31613.86
MinimumVisualStudioVersion = 10.0.40219.1
Project("{8BC9CEB8-8B4A-11D0-8D11-00A0C91BC942}") = "4-12", "4-12.vcxproj", "{678D77C7-6CA0-422F-BD76-335E5B8AF227}"
EndProject
Project("{8BC9CEB8-8B4A-11D0-8D11-00A0C91BC942}") = "4-13", "..\4-13\4-13.vcxproj", "{398F7F47-390E-46BC-99F3-25AC273ADBF1}"
EndProject
Project("{8BC9CEB8-8B4A-11D0-8D11-00A0C91BC942}") = "4-14", "..\4-14\4-14.vcxproj", "{F129FFA3-F0FE-4735-AB7C-A9C830D98418}"
EndProject
Global
	GlobalSection(SolutionConfigurationPlatforms) = preSolution
		Debug|x64 = Debug|x64
		Debug|x86 = Debug|x86
		Release|x64 = Release|x64
		Release|x86 = Release|x86
	EndGlobalSection
	GlobalSection(ProjectConfigurationPlatforms) = postSolution
		{678D77C7-6CA0-422F-BD76-335E5B8AF227}.Debug|x64.ActiveCfg = Debug|x64
		{678D77C7-6CA0-422F-BD76-335E5B8AF227}.Debug|x64.Build.0 = Debug|x64
		{678D77C7-6CA0-422F-BD76-335E5B8AF227}.Debug|x86.ActiveCfg = Debug|Win32
		{678D77C7-6CA0-422F-BD76-335E5B8AF227}.Debug|x86.Build.0 = Debug|Win32
		{678D77C7-6CA0-422F-BD76-335E5B8AF227}.Release|x64.ActiveCfg = Release|x64
		{678D77C7-6CA0-422F-BD76-335E5B8AF227}.Release|x64.Build.0 = Release|x64
		{678D77C7-6CA0-422F-BD76-335E5B8AF227}.Release|x86.ActiveCfg = Release|Win32
		{678D77C7-6CA0-422F-BD76-335E5B8AF227}.Release|x86.Build.0 = Release|Win32
		{398F7F47-390E-46BC-99F3-25AC273ADBF1}.Debug|x64.ActiveCfg = Debug|x64
		{398F7F47-390E-46BC-99F3-25AC273ADBF1}.Debug|x64.Build.0 = Debug|x64
		{398F7F47-390E-46BC-99F3-25AC273ADBF1}.Debug|x86.ActiveCfg = Debug|Win32
		{398F7F47-390E-46BC-99F3-25AC273ADBF1}.Debug|x86.Build.0 = Debug|Win32
		{398F7F47-390E-46BC-99F3-25AC273ADBF1}.Release|x64.ActiveCfg = Release|x64
		{398F7F47-390E-46BC-99F3-25AC273ADBF1}.Release|x64.Build.0 = Release|x64
		{398F7F47-390E-46BC-99F3-25AC273ADBF1}.Release|x86.ActiveCfg = Release|Win32
		{398F7F47-390E-46BC-99F3-25AC273ADBF1}.Release|x86.Build.0 = Release|Win32
		{F129FFA3-F0FE-4735-AB7C-A9C830D98418}.Debug|x64.ActiveCfg = Debug|x64
		{F129FFA3-F0FE-4735-AB7C-A9C830D98418}.Debug|x64.Build.0 = Debug|x64
		{F129FFA3-F0FE-4735-AB7C-A9C830D98418}.Debug|x86.ActiveCfg = Debug|Win32
		{F129FFA3-F0FE-4735-AB7C-A9C830D98418}.Debug|x86.Build.0 = Debug|Win32
		{F129FFA3-F0FE-4735-AB7C-A9C830D98418}.Release|x64.ActiveCfg = Release|x64
		{F129FFA3-F0FE-4735-AB7C-A9C830D98418}.Release|x64.Build.0 = Release|x64
		{F129FFA3-F0FE-4735-AB7C-A9C830D98418}.Release|x86.ActiveCfg = Release|Win32
		{F129FFA3-F0FE-4735-AB7C-A9C830D98418}.Release|x86.Build.0 = Release|Win32
	EndGlobalSection
	GlobalSection(SolutionProperties) = preSolution
		HideSolutionNode = FALSE
	EndGlobalSection
	GlobalSection(ExtensibilityGlobals) = postSolution
		SolutionGuid = {51C38169-F862-4558-BFDC-F8F5F60A85A1}
	EndGlobalSection
EndGlobal
