
Microsoft Visual Studio Solution File, Format Version 12.00
# Visual Studio Version 16
VisualStudioVersion = 16.0.31613.86
MinimumVisualStudioVersion = 10.0.40219.1
Project("{8BC9CEB8-8B4A-11D0-8D11-00A0C91BC942}") = "4강부터", "4강부터.vcxproj", "{3E236326-F7E4-4433-B590-E9A9F3F1B2DA}"
EndProject
Project("{8BC9CEB8-8B4A-11D0-8D11-00A0C91BC942}") = "4-2", "..\4-2\4-2.vcxproj", "{4139901D-4FF6-4EAC-B82F-41C2E6FF733D}"
EndProject
Project("{8BC9CEB8-8B4A-11D0-8D11-00A0C91BC942}") = "4-3", "..\4-3\4-3.vcxproj", "{C30FEDA3-01FF-4E2A-93BD-C20D7E1A6352}"
EndProject
Project("{8BC9CEB8-8B4A-11D0-8D11-00A0C91BC942}") = "4-4", "..\4-4\4-4.vcxproj", "{22F8B24D-0190-4A65-B2EB-9C4FA06DCDA3}"
EndProject
Project("{8BC9CEB8-8B4A-11D0-8D11-00A0C91BC942}") = "4-5", "..\4-5\4-5.vcxproj", "{CE1000EF-17D7-4EC2-B86E-6375D5E6659F}"
EndProject
Global
	GlobalSection(SolutionConfigurationPlatforms) = preSolution
		Debug|x64 = Debug|x64
		Debug|x86 = Debug|x86
		Release|x64 = Release|x64
		Release|x86 = Release|x86
	EndGlobalSection
	GlobalSection(ProjectConfigurationPlatforms) = postSolution
		{3E236326-F7E4-4433-B590-E9A9F3F1B2DA}.Debug|x64.ActiveCfg = Debug|x64
		{3E236326-F7E4-4433-B590-E9A9F3F1B2DA}.Debug|x64.Build.0 = Debug|x64
		{3E236326-F7E4-4433-B590-E9A9F3F1B2DA}.Debug|x86.ActiveCfg = Debug|Win32
		{3E236326-F7E4-4433-B590-E9A9F3F1B2DA}.Debug|x86.Build.0 = Debug|Win32
		{3E236326-F7E4-4433-B590-E9A9F3F1B2DA}.Release|x64.ActiveCfg = Release|x64
		{3E236326-F7E4-4433-B590-E9A9F3F1B2DA}.Release|x64.Build.0 = Release|x64
		{3E236326-F7E4-4433-B590-E9A9F3F1B2DA}.Release|x86.ActiveCfg = Release|Win32
		{3E236326-F7E4-4433-B590-E9A9F3F1B2DA}.Release|x86.Build.0 = Release|Win32
		{4139901D-4FF6-4EAC-B82F-41C2E6FF733D}.Debug|x64.ActiveCfg = Debug|x64
		{4139901D-4FF6-4EAC-B82F-41C2E6FF733D}.Debug|x64.Build.0 = Debug|x64
		{4139901D-4FF6-4EAC-B82F-41C2E6FF733D}.Debug|x86.ActiveCfg = Debug|Win32
		{4139901D-4FF6-4EAC-B82F-41C2E6FF733D}.Debug|x86.Build.0 = Debug|Win32
		{4139901D-4FF6-4EAC-B82F-41C2E6FF733D}.Release|x64.ActiveCfg = Release|x64
		{4139901D-4FF6-4EAC-B82F-41C2E6FF733D}.Release|x64.Build.0 = Release|x64
		{4139901D-4FF6-4EAC-B82F-41C2E6FF733D}.Release|x86.ActiveCfg = Release|Win32
		{4139901D-4FF6-4EAC-B82F-41C2E6FF733D}.Release|x86.Build.0 = Release|Win32
		{C30FEDA3-01FF-4E2A-93BD-C20D7E1A6352}.Debug|x64.ActiveCfg = Debug|x64
		{C30FEDA3-01FF-4E2A-93BD-C20D7E1A6352}.Debug|x64.Build.0 = Debug|x64
		{C30FEDA3-01FF-4E2A-93BD-C20D7E1A6352}.Debug|x86.ActiveCfg = Debug|Win32
		{C30FEDA3-01FF-4E2A-93BD-C20D7E1A6352}.Debug|x86.Build.0 = Debug|Win32
		{C30FEDA3-01FF-4E2A-93BD-C20D7E1A6352}.Release|x64.ActiveCfg = Release|x64
		{C30FEDA3-01FF-4E2A-93BD-C20D7E1A6352}.Release|x64.Build.0 = Release|x64
		{C30FEDA3-01FF-4E2A-93BD-C20D7E1A6352}.Release|x86.ActiveCfg = Release|Win32
		{C30FEDA3-01FF-4E2A-93BD-C20D7E1A6352}.Release|x86.Build.0 = Release|Win32
		{22F8B24D-0190-4A65-B2EB-9C4FA06DCDA3}.Debug|x64.ActiveCfg = Debug|x64
		{22F8B24D-0190-4A65-B2EB-9C4FA06DCDA3}.Debug|x64.Build.0 = Debug|x64
		{22F8B24D-0190-4A65-B2EB-9C4FA06DCDA3}.Debug|x86.ActiveCfg = Debug|Win32
		{22F8B24D-0190-4A65-B2EB-9C4FA06DCDA3}.Debug|x86.Build.0 = Debug|Win32
		{22F8B24D-0190-4A65-B2EB-9C4FA06DCDA3}.Release|x64.ActiveCfg = Release|x64
		{22F8B24D-0190-4A65-B2EB-9C4FA06DCDA3}.Release|x64.Build.0 = Release|x64
		{22F8B24D-0190-4A65-B2EB-9C4FA06DCDA3}.Release|x86.ActiveCfg = Release|Win32
		{22F8B24D-0190-4A65-B2EB-9C4FA06DCDA3}.Release|x86.Build.0 = Release|Win32
		{CE1000EF-17D7-4EC2-B86E-6375D5E6659F}.Debug|x64.ActiveCfg = Debug|x64
		{CE1000EF-17D7-4EC2-B86E-6375D5E6659F}.Debug|x64.Build.0 = Debug|x64
		{CE1000EF-17D7-4EC2-B86E-6375D5E6659F}.Debug|x86.ActiveCfg = Debug|Win32
		{CE1000EF-17D7-4EC2-B86E-6375D5E6659F}.Debug|x86.Build.0 = Debug|Win32
		{CE1000EF-17D7-4EC2-B86E-6375D5E6659F}.Release|x64.ActiveCfg = Release|x64
		{CE1000EF-17D7-4EC2-B86E-6375D5E6659F}.Release|x64.Build.0 = Release|x64
		{CE1000EF-17D7-4EC2-B86E-6375D5E6659F}.Release|x86.ActiveCfg = Release|Win32
		{CE1000EF-17D7-4EC2-B86E-6375D5E6659F}.Release|x86.Build.0 = Release|Win32
	EndGlobalSection
	GlobalSection(SolutionProperties) = preSolution
		HideSolutionNode = FALSE
	EndGlobalSection
	GlobalSection(ExtensibilityGlobals) = postSolution
		SolutionGuid = {0C07584D-302A-4ACE-B72B-932A8ABF36E6}
	EndGlobalSection
EndGlobal
